# This file is autogenerated, do not edit; changes may be undone by the next 'dep ensure'.


[[projects]]
  branch = "master"
  name = "github.com/reactivex/rxgo"
  packages = [
    ".",
    "errors",
    "fx",
    "handlers",
    "observable",
    "observer",
    "subscription"
  ]
  revision = "0a48feb782c1c54b7f4734c978c634ad6f14e0e1"

[solve-meta]
  analyzer-name = "dep"
  analyzer-version = 1
  inputs-digest = "d29c64aff4795741c1f99c07c120dc3ac3d531cde067491a8f11540a1ef2c24d"
  solver-name = "gps-cdcl"
  solver-version = 1
